
Microsoft Visual Studio Solution File, Format Version 12.00
# Visual Studio Version 17
VisualStudioVersion = 17.5.002.0
MinimumVisualStudioVersion = 10.0.40219.1
Project("{9A19103F-16F7-4668-BE54-9A1E7A4F7556}") = "6-linkedlist_length", "6-linkedlist_length.csproj", "{22DC3228-A60E-4630-9477-14FC5FDE8508}"
EndProject
Global
	GlobalSection(SolutionConfigurationPlatforms) = preSolution
		Debug|Any CPU = Debug|Any CPU
		Release|Any CPU = Release|Any CPU
	EndGlobalSection
	GlobalSection(ProjectConfigurationPlatforms) = postSolution
		{22DC3228-A60E-4630-9477-14FC5FDE8508}.Debug|Any CPU.ActiveCfg = Debug|Any CPU
		{22DC3228-A60E-4630-9477-14FC5FDE8508}.Debug|Any CPU.Build.0 = Debug|Any CPU
		{22DC3228-A60E-4630-9477-14FC5FDE8508}.Release|Any CPU.ActiveCfg = Release|Any CPU
		{22DC3228-A60E-4630-9477-14FC5FDE8508}.Release|Any CPU.Build.0 = Release|Any CPU
	EndGlobalSection
	GlobalSection(SolutionProperties) = preSolution
		HideSolutionNode = FALSE
	EndGlobalSection
	GlobalSection(ExtensibilityGlobals) = postSolution
		SolutionGuid = {5D895508-54C8-4C5E-81FF-244A3649C2B8}
	EndGlobalSection
EndGlobal
