
Microsoft Visual Studio Solution File, Format Version 12.00
# Visual Studio Version 17
VisualStudioVersion = 17.5.002.0
MinimumVisualStudioVersion = 10.0.40219.1
Project("{9A19103F-16F7-4668-BE54-9A1E7A4F7556}") = "20-matrix_rotate_2D", "20-matrix_rotate_2D.csproj", "{667D7D73-0EA4-4D33-B3C6-BF1637D4CA49}"
EndProject
Global
	GlobalSection(SolutionConfigurationPlatforms) = preSolution
		Debug|Any CPU = Debug|Any CPU
		Release|Any CPU = Release|Any CPU
	EndGlobalSection
	GlobalSection(ProjectConfigurationPlatforms) = postSolution
		{667D7D73-0EA4-4D33-B3C6-BF1637D4CA49}.Debug|Any CPU.ActiveCfg = Debug|Any CPU
		{667D7D73-0EA4-4D33-B3C6-BF1637D4CA49}.Debug|Any CPU.Build.0 = Debug|Any CPU
		{667D7D73-0EA4-4D33-B3C6-BF1637D4CA49}.Release|Any CPU.ActiveCfg = Release|Any CPU
		{667D7D73-0EA4-4D33-B3C6-BF1637D4CA49}.Release|Any CPU.Build.0 = Release|Any CPU
	EndGlobalSection
	GlobalSection(SolutionProperties) = preSolution
		HideSolutionNode = FALSE
	EndGlobalSection
	GlobalSection(ExtensibilityGlobals) = postSolution
		SolutionGuid = {79016C89-633E-4B13-B450-B4B5E68B8C4B}
	EndGlobalSection
EndGlobal
