
Microsoft Visual Studio Solution File, Format Version 12.00
# Visual Studio 15
VisualStudioVersion = 15.0.26124.0
MinimumVisualStudioVersion = 15.0.26124.0
Project("{FAE04EC0-301F-11D3-BF4B-00C04F79EFBC}") = "Text", "Text\Text.csproj", "{0143D7EF-CFA6-4EAC-83F3-411EFCFF95A2}"
EndProject
Project("{FAE04EC0-301F-11D3-BF4B-00C04F79EFBC}") = "Text.Tests", "Text.Tests\Text.Tests.csproj", "{BB0452BE-502E-4C9C-AD3F-E8F43E426841}"
EndProject
Global
	GlobalSection(SolutionConfigurationPlatforms) = preSolution
		Debug|Any CPU = Debug|Any CPU
		Debug|x64 = Debug|x64
		Debug|x86 = Debug|x86
		Release|Any CPU = Release|Any CPU
		Release|x64 = Release|x64
		Release|x86 = Release|x86
	EndGlobalSection
	GlobalSection(SolutionProperties) = preSolution
		HideSolutionNode = FALSE
	EndGlobalSection
	GlobalSection(ProjectConfigurationPlatforms) = postSolution
		{0143D7EF-CFA6-4EAC-83F3-411EFCFF95A2}.Debug|Any CPU.ActiveCfg = Debug|Any CPU
		{0143D7EF-CFA6-4EAC-83F3-411EFCFF95A2}.Debug|Any CPU.Build.0 = Debug|Any CPU
		{0143D7EF-CFA6-4EAC-83F3-411EFCFF95A2}.Debug|x64.ActiveCfg = Debug|Any CPU
		{0143D7EF-CFA6-4EAC-83F3-411EFCFF95A2}.Debug|x64.Build.0 = Debug|Any CPU
		{0143D7EF-CFA6-4EAC-83F3-411EFCFF95A2}.Debug|x86.ActiveCfg = Debug|Any CPU
		{0143D7EF-CFA6-4EAC-83F3-411EFCFF95A2}.Debug|x86.Build.0 = Debug|Any CPU
		{0143D7EF-CFA6-4EAC-83F3-411EFCFF95A2}.Release|Any CPU.ActiveCfg = Release|Any CPU
		{0143D7EF-CFA6-4EAC-83F3-411EFCFF95A2}.Release|Any CPU.Build.0 = Release|Any CPU
		{0143D7EF-CFA6-4EAC-83F3-411EFCFF95A2}.Release|x64.ActiveCfg = Release|Any CPU
		{0143D7EF-CFA6-4EAC-83F3-411EFCFF95A2}.Release|x64.Build.0 = Release|Any CPU
		{0143D7EF-CFA6-4EAC-83F3-411EFCFF95A2}.Release|x86.ActiveCfg = Release|Any CPU
		{0143D7EF-CFA6-4EAC-83F3-411EFCFF95A2}.Release|x86.Build.0 = Release|Any CPU
		{BB0452BE-502E-4C9C-AD3F-E8F43E426841}.Debug|Any CPU.ActiveCfg = Debug|Any CPU
		{BB0452BE-502E-4C9C-AD3F-E8F43E426841}.Debug|Any CPU.Build.0 = Debug|Any CPU
		{BB0452BE-502E-4C9C-AD3F-E8F43E426841}.Debug|x64.ActiveCfg = Debug|Any CPU
		{BB0452BE-502E-4C9C-AD3F-E8F43E426841}.Debug|x64.Build.0 = Debug|Any CPU
		{BB0452BE-502E-4C9C-AD3F-E8F43E426841}.Debug|x86.ActiveCfg = Debug|Any CPU
		{BB0452BE-502E-4C9C-AD3F-E8F43E426841}.Debug|x86.Build.0 = Debug|Any CPU
		{BB0452BE-502E-4C9C-AD3F-E8F43E426841}.Release|Any CPU.ActiveCfg = Release|Any CPU
		{BB0452BE-502E-4C9C-AD3F-E8F43E426841}.Release|Any CPU.Build.0 = Release|Any CPU
		{BB0452BE-502E-4C9C-AD3F-E8F43E426841}.Release|x64.ActiveCfg = Release|Any CPU
		{BB0452BE-502E-4C9C-AD3F-E8F43E426841}.Release|x64.Build.0 = Release|Any CPU
		{BB0452BE-502E-4C9C-AD3F-E8F43E426841}.Release|x86.ActiveCfg = Release|Any CPU
		{BB0452BE-502E-4C9C-AD3F-E8F43E426841}.Release|x86.Build.0 = Release|Any CPU
	EndGlobalSection
EndGlobal
